
Microsoft Visual Studio Solution File, Format Version 12.00
# Visual Studio 15
VisualStudioVersion = 15.0.28307.572
MinimumVisualStudioVersion = 10.0.40219.1
Project("{FAE04EC0-301F-11D3-BF4B-00C04F79EFBC}") = "PictureUpload.Android", "PictureUpload\PictureUpload.Android\PictureUpload.Android.csproj", "{EB06C6C9-8A6C-4435-89DF-7475E8526547}"
EndProject
Project("{FAE04EC0-301F-11D3-BF4B-00C04F79EFBC}") = "PictureUpload.iOS", "PictureUpload\PictureUpload.iOS\PictureUpload.iOS.csproj", "{DA4510E7-46E1-414D-8FFE-2F85BF8C4971}"
EndProject
Project("{FAE04EC0-301F-11D3-BF4B-00C04F79EFBC}") = "PictureUpload", "PictureUpload\PictureUpload\PictureUpload.csproj", "{610F0B34-722B-4F71-8D87-1134B8579919}"
EndProject
Global
	GlobalSection(SolutionConfigurationPlatforms) = preSolution
		Ad-Hoc|Any CPU = Ad-Hoc|Any CPU
		Ad-Hoc|iPhone = Ad-Hoc|iPhone
		Ad-Hoc|iPhoneSimulator = Ad-Hoc|iPhoneSimulator
		AppStore|Any CPU = AppStore|Any CPU
		AppStore|iPhone = AppStore|iPhone
		AppStore|iPhoneSimulator = AppStore|iPhoneSimulator
		Debug|Any CPU = Debug|Any CPU
		Debug|iPhone = Debug|iPhone
		Debug|iPhoneSimulator = Debug|iPhoneSimulator
		Release|Any CPU = Release|Any CPU
		Release|iPhone = Release|iPhone
		Release|iPhoneSimulator = Release|iPhoneSimulator
	EndGlobalSection
	GlobalSection(ProjectConfigurationPlatforms) = postSolution
		{EB06C6C9-8A6C-4435-89DF-7475E8526547}.Ad-Hoc|Any CPU.ActiveCfg = Release|Any CPU
		{EB06C6C9-8A6C-4435-89DF-7475E8526547}.Ad-Hoc|Any CPU.Build.0 = Release|Any CPU
		{EB06C6C9-8A6C-4435-89DF-7475E8526547}.Ad-Hoc|Any CPU.Deploy.0 = Release|Any CPU
		{EB06C6C9-8A6C-4435-89DF-7475E8526547}.Ad-Hoc|iPhone.ActiveCfg = Release|Any CPU
		{EB06C6C9-8A6C-4435-89DF-7475E8526547}.Ad-Hoc|iPhone.Build.0 = Release|Any CPU
		{EB06C6C9-8A6C-4435-89DF-7475E8526547}.Ad-Hoc|iPhone.Deploy.0 = Release|Any CPU
		{EB06C6C9-8A6C-4435-89DF-7475E8526547}.Ad-Hoc|iPhoneSimulator.ActiveCfg = Release|Any CPU
		{EB06C6C9-8A6C-4435-89DF-7475E8526547}.Ad-Hoc|iPhoneSimulator.Build.0 = Release|Any CPU
		{EB06C6C9-8A6C-4435-89DF-7475E8526547}.Ad-Hoc|iPhoneSimulator.Deploy.0 = Release|Any CPU
		{EB06C6C9-8A6C-4435-89DF-7475E8526547}.AppStore|Any CPU.ActiveCfg = Release|Any CPU
		{EB06C6C9-8A6C-4435-89DF-7475E8526547}.AppStore|Any CPU.Build.0 = Release|Any CPU
		{EB06C6C9-8A6C-4435-89DF-7475E8526547}.AppStore|Any CPU.Deploy.0 = Release|Any CPU
		{EB06C6C9-8A6C-4435-89DF-7475E8526547}.AppStore|iPhone.ActiveCfg = Release|Any CPU
		{EB06C6C9-8A6C-4435-89DF-7475E8526547}.AppStore|iPhone.Build.0 = Release|Any CPU
		{EB06C6C9-8A6C-4435-89DF-7475E8526547}.AppStore|iPhone.Deploy.0 = Release|Any CPU
		{EB06C6C9-8A6C-4435-89DF-7475E8526547}.AppStore|iPhoneSimulator.ActiveCfg = Release|Any CPU
		{EB06C6C9-8A6C-4435-89DF-7475E8526547}.AppStore|iPhoneSimulator.Build.0 = Release|Any CPU
		{EB06C6C9-8A6C-4435-89DF-7475E8526547}.AppStore|iPhoneSimulator.Deploy.0 = Release|Any CPU
		{EB06C6C9-8A6C-4435-89DF-7475E8526547}.Debug|Any CPU.ActiveCfg = Debug|Any CPU
		{EB06C6C9-8A6C-4435-89DF-7475E8526547}.Debug|Any CPU.Build.0 = Debug|Any CPU
		{EB06C6C9-8A6C-4435-89DF-7475E8526547}.Debug|Any CPU.Deploy.0 = Debug|Any CPU
		{EB06C6C9-8A6C-4435-89DF-7475E8526547}.Debug|iPhone.ActiveCfg = Debug|Any CPU
		{EB06C6C9-8A6C-4435-89DF-7475E8526547}.Debug|iPhone.Build.0 = Debug|Any CPU
		{EB06C6C9-8A6C-4435-89DF-7475E8526547}.Debug|iPhone.Deploy.0 = Debug|Any CPU
		{EB06C6C9-8A6C-4435-89DF-7475E8526547}.Debug|iPhoneSimulator.ActiveCfg = Debug|Any CPU
		{EB06C6C9-8A6C-4435-89DF-7475E8526547}.Debug|iPhoneSimulator.Build.0 = Debug|Any CPU
		{EB06C6C9-8A6C-4435-89DF-7475E8526547}.Debug|iPhoneSimulator.Deploy.0 = Debug|Any CPU
		{EB06C6C9-8A6C-4435-89DF-7475E8526547}.Release|Any CPU.ActiveCfg = Release|Any CPU
		{EB06C6C9-8A6C-4435-89DF-7475E8526547}.Release|Any CPU.Build.0 = Release|Any CPU
		{EB06C6C9-8A6C-4435-89DF-7475E8526547}.Release|Any CPU.Deploy.0 = Release|Any CPU
		{EB06C6C9-8A6C-4435-89DF-7475E8526547}.Release|iPhone.ActiveCfg = Release|Any CPU
		{EB06C6C9-8A6C-4435-89DF-7475E8526547}.Release|iPhone.Build.0 = Release|Any CPU
		{EB06C6C9-8A6C-4435-89DF-7475E8526547}.Release|iPhone.Deploy.0 = Release|Any CPU
		{EB06C6C9-8A6C-4435-89DF-7475E8526547}.Release|iPhoneSimulator.ActiveCfg = Release|Any CPU
		{EB06C6C9-8A6C-4435-89DF-7475E8526547}.Release|iPhoneSimulator.Build.0 = Release|Any CPU
		{EB06C6C9-8A6C-4435-89DF-7475E8526547}.Release|iPhoneSimulator.Deploy.0 = Release|Any CPU
		{DA4510E7-46E1-414D-8FFE-2F85BF8C4971}.Ad-Hoc|Any CPU.ActiveCfg = Ad-Hoc|iPhone
		{DA4510E7-46E1-414D-8FFE-2F85BF8C4971}.Ad-Hoc|Any CPU.Build.0 = Ad-Hoc|iPhone
		{DA4510E7-46E1-414D-8FFE-2F85BF8C4971}.Ad-Hoc|Any CPU.Deploy.0 = Ad-Hoc|iPhone
		{DA4510E7-46E1-414D-8FFE-2F85BF8C4971}.Ad-Hoc|iPhone.ActiveCfg = Ad-Hoc|iPhone
		{DA4510E7-46E1-414D-8FFE-2F85BF8C4971}.Ad-Hoc|iPhone.Build.0 = Ad-Hoc|iPhone
		{DA4510E7-46E1-414D-8FFE-2F85BF8C4971}.Ad-Hoc|iPhone.Deploy.0 = Ad-Hoc|iPhone
		{DA4510E7-46E1-414D-8FFE-2F85BF8C4971}.Ad-Hoc|iPhoneSimulator.ActiveCfg = Ad-Hoc|iPhoneSimulator
		{DA4510E7-46E1-414D-8FFE-2F85BF8C4971}.Ad-Hoc|iPhoneSimulator.Build.0 = Ad-Hoc|iPhoneSimulator
		{DA4510E7-46E1-414D-8FFE-2F85BF8C4971}.Ad-Hoc|iPhoneSimulator.Deploy.0 = Ad-Hoc|iPhoneSimulator
		{DA4510E7-46E1-414D-8FFE-2F85BF8C4971}.AppStore|Any CPU.ActiveCfg = AppStore|iPhone
		{DA4510E7-46E1-414D-8FFE-2F85BF8C4971}.AppStore|Any CPU.Build.0 = AppStore|iPhone
		{DA4510E7-46E1-414D-8FFE-2F85BF8C4971}.AppStore|Any CPU.Deploy.0 = AppStore|iPhone
		{DA4510E7-46E1-414D-8FFE-2F85BF8C4971}.AppStore|iPhone.ActiveCfg = AppStore|iPhone
		{DA4510E7-46E1-414D-8FFE-2F85BF8C4971}.AppStore|iPhone.Build.0 = AppStore|iPhone
		{DA4510E7-46E1-414D-8FFE-2F85BF8C4971}.AppStore|iPhone.Deploy.0 = AppStore|iPhone
		{DA4510E7-46E1-414D-8FFE-2F85BF8C4971}.AppStore|iPhoneSimulator.ActiveCfg = AppStore|iPhoneSimulator
		{DA4510E7-46E1-414D-8FFE-2F85BF8C4971}.AppStore|iPhoneSimulator.Build.0 = AppStore|iPhoneSimulator
		{DA4510E7-46E1-414D-8FFE-2F85BF8C4971}.AppStore|iPhoneSimulator.Deploy.0 = AppStore|iPhoneSimulator
		{DA4510E7-46E1-414D-8FFE-2F85BF8C4971}.Debug|Any CPU.ActiveCfg = Debug|iPhoneSimulator
		{DA4510E7-46E1-414D-8FFE-2F85BF8C4971}.Debug|Any CPU.Deploy.0 = Debug|iPhoneSimulator
		{DA4510E7-46E1-414D-8FFE-2F85BF8C4971}.Debug|iPhone.ActiveCfg = Debug|iPhone
		{DA4510E7-46E1-414D-8FFE-2F85BF8C4971}.Debug|iPhone.Build.0 = Debug|iPhone
		{DA4510E7-46E1-414D-8FFE-2F85BF8C4971}.Debug|iPhone.Deploy.0 = Debug|iPhone
		{DA4510E7-46E1-414D-8FFE-2F85BF8C4971}.Debug|iPhoneSimulator.ActiveCfg = Debug|iPhoneSimulator
		{DA4510E7-46E1-414D-8FFE-2F85BF8C4971}.Debug|iPhoneSimulator.Build.0 = Debug|iPhoneSimulator
		{DA4510E7-46E1-414D-8FFE-2F85BF8C4971}.Debug|iPhoneSimulator.Deploy.0 = Debug|iPhoneSimulator
		{DA4510E7-46E1-414D-8FFE-2F85BF8C4971}.Release|Any CPU.ActiveCfg = Release|iPhone
		{DA4510E7-46E1-414D-8FFE-2F85BF8C4971}.Release|Any CPU.Build.0 = Release|iPhone
		{DA4510E7-46E1-414D-8FFE-2F85BF8C4971}.Release|Any CPU.Deploy.0 = Release|iPhone
		{DA4510E7-46E1-414D-8FFE-2F85BF8C4971}.Release|iPhone.ActiveCfg = Release|iPhone
		{DA4510E7-46E1-414D-8FFE-2F85BF8C4971}.Release|iPhone.Build.0 = Release|iPhone
		{DA4510E7-46E1-414D-8FFE-2F85BF8C4971}.Release|iPhone.Deploy.0 = Release|iPhone
		{DA4510E7-46E1-414D-8FFE-2F85BF8C4971}.Release|iPhoneSimulator.ActiveCfg = Release|iPhoneSimulator
		{DA4510E7-46E1-414D-8FFE-2F85BF8C4971}.Release|iPhoneSimulator.Build.0 = Release|iPhoneSimulator
		{DA4510E7-46E1-414D-8FFE-2F85BF8C4971}.Release|iPhoneSimulator.Deploy.0 = Release|iPhoneSimulator
		{610F0B34-722B-4F71-8D87-1134B8579919}.Ad-Hoc|Any CPU.ActiveCfg = Debug|Any CPU
		{610F0B34-722B-4F71-8D87-1134B8579919}.Ad-Hoc|Any CPU.Build.0 = Debug|Any CPU
		{610F0B34-722B-4F71-8D87-1134B8579919}.Ad-Hoc|Any CPU.Deploy.0 = Debug|Any CPU
		{610F0B34-722B-4F71-8D87-1134B8579919}.Ad-Hoc|iPhone.ActiveCfg = Debug|Any CPU
		{610F0B34-722B-4F71-8D87-1134B8579919}.Ad-Hoc|iPhone.Build.0 = Debug|Any CPU
		{610F0B34-722B-4F71-8D87-1134B8579919}.Ad-Hoc|iPhone.Deploy.0 = Debug|Any CPU
		{610F0B34-722B-4F71-8D87-1134B8579919}.Ad-Hoc|iPhoneSimulator.ActiveCfg = Debug|Any CPU
		{610F0B34-722B-4F71-8D87-1134B8579919}.Ad-Hoc|iPhoneSimulator.Build.0 = Debug|Any CPU
		{610F0B34-722B-4F71-8D87-1134B8579919}.Ad-Hoc|iPhoneSimulator.Deploy.0 = Debug|Any CPU
		{610F0B34-722B-4F71-8D87-1134B8579919}.AppStore|Any CPU.ActiveCfg = Debug|Any CPU
		{610F0B34-722B-4F71-8D87-1134B8579919}.AppStore|Any CPU.Build.0 = Debug|Any CPU
		{610F0B34-722B-4F71-8D87-1134B8579919}.AppStore|Any CPU.Deploy.0 = Debug|Any CPU
		{610F0B34-722B-4F71-8D87-1134B8579919}.AppStore|iPhone.ActiveCfg = Debug|Any CPU
		{610F0B34-722B-4F71-8D87-1134B8579919}.AppStore|iPhone.Build.0 = Debug|Any CPU
		{610F0B34-722B-4F71-8D87-1134B8579919}.AppStore|iPhone.Deploy.0 = Debug|Any CPU
		{610F0B34-722B-4F71-8D87-1134B8579919}.AppStore|iPhoneSimulator.ActiveCfg = Debug|Any CPU
		{610F0B34-722B-4F71-8D87-1134B8579919}.AppStore|iPhoneSimulator.Build.0 = Debug|Any CPU
		{610F0B34-722B-4F71-8D87-1134B8579919}.AppStore|iPhoneSimulator.Deploy.0 = Debug|Any CPU
		{610F0B34-722B-4F71-8D87-1134B8579919}.Debug|Any CPU.ActiveCfg = Debug|Any CPU
		{610F0B34-722B-4F71-8D87-1134B8579919}.Debug|Any CPU.Build.0 = Debug|Any CPU
		{610F0B34-722B-4F71-8D87-1134B8579919}.Debug|Any CPU.Deploy.0 = Debug|Any CPU
		{610F0B34-722B-4F71-8D87-1134B8579919}.Debug|iPhone.ActiveCfg = Debug|Any CPU
		{610F0B34-722B-4F71-8D87-1134B8579919}.Debug|iPhone.Build.0 = Debug|Any CPU
		{610F0B34-722B-4F71-8D87-1134B8579919}.Debug|iPhone.Deploy.0 = Debug|Any CPU
		{610F0B34-722B-4F71-8D87-1134B8579919}.Debug|iPhoneSimulator.ActiveCfg = Debug|Any CPU
		{610F0B34-722B-4F71-8D87-1134B8579919}.Debug|iPhoneSimulator.Build.0 = Debug|Any CPU
		{610F0B34-722B-4F71-8D87-1134B8579919}.Debug|iPhoneSimulator.Deploy.0 = Debug|Any CPU
		{610F0B34-722B-4F71-8D87-1134B8579919}.Release|Any CPU.ActiveCfg = Release|Any CPU
		{610F0B34-722B-4F71-8D87-1134B8579919}.Release|Any CPU.Build.0 = Release|Any CPU
		{610F0B34-722B-4F71-8D87-1134B8579919}.Release|Any CPU.Deploy.0 = Release|Any CPU
		{610F0B34-722B-4F71-8D87-1134B8579919}.Release|iPhone.ActiveCfg = Release|Any CPU
		{610F0B34-722B-4F71-8D87-1134B8579919}.Release|iPhone.Build.0 = Release|Any CPU
		{610F0B34-722B-4F71-8D87-1134B8579919}.Release|iPhone.Deploy.0 = Release|Any CPU
		{610F0B34-722B-4F71-8D87-1134B8579919}.Release|iPhoneSimulator.ActiveCfg = Release|Any CPU
		{610F0B34-722B-4F71-8D87-1134B8579919}.Release|iPhoneSimulator.Build.0 = Release|Any CPU
		{610F0B34-722B-4F71-8D87-1134B8579919}.Release|iPhoneSimulator.Deploy.0 = Release|Any CPU
	EndGlobalSection
	GlobalSection(SolutionProperties) = preSolution
		HideSolutionNode = FALSE
	EndGlobalSection
	GlobalSection(ExtensibilityGlobals) = postSolution
		SolutionGuid = {7F406ED7-5E10-4D5A-A615-C0279E05B0B0}
	EndGlobalSection
EndGlobal
